
Microsoft Visual Studio Solution File, Format Version 12.00
# Visual Studio Version 17
VisualStudioVersion = 17.6.33723.286
MinimumVisualStudioVersion = 10.0.40219.1
Project("{FAE04EC0-301F-11D3-BF4B-00C04F79EFBC}") = "Mastermind", "Mastermind\Mastermind.csproj", "{5ED0722C-0256-414F-9C9E-DA4E41B9818E}"
EndProject
Global
	GlobalSection(SolutionConfigurationPlatforms) = preSolution
		Debug|Any CPU = Debug|Any CPU
		Release|Any CPU = Release|Any CPU
	EndGlobalSection
	GlobalSection(ProjectConfigurationPlatforms) = postSolution
		{5ED0722C-0256-414F-9C9E-DA4E41B9818E}.Debug|Any CPU.ActiveCfg = Debug|Any CPU
		{5ED0722C-0256-414F-9C9E-DA4E41B9818E}.Debug|Any CPU.Build.0 = Debug|Any CPU
		{5ED0722C-0256-414F-9C9E-DA4E41B9818E}.Release|Any CPU.ActiveCfg = Release|Any CPU
		{5ED0722C-0256-414F-9C9E-DA4E41B9818E}.Release|Any CPU.Build.0 = Release|Any CPU
	EndGlobalSection
	GlobalSection(SolutionProperties) = preSolution
		HideSolutionNode = FALSE
	EndGlobalSection
	GlobalSection(ExtensibilityGlobals) = postSolution
		SolutionGuid = {E243083F-6670-4F3E-B101-4F806F1771BF}
	EndGlobalSection
EndGlobal
